
Microsoft Visual Studio Solution File, Format Version 12.00
# Visual Studio 15
VisualStudioVersion = 15.0.28307.329
MinimumVisualStudioVersion = 10.0.40219.1
Project("{9A19103F-16F7-4668-BE54-9A1E7A4F7556}") = "DatingApp.API", "DatingApp.API.csproj", "{D2BFE271-0640-43BF-BD2A-2498BF612FCA}"
EndProject
Global
	GlobalSection(SolutionConfigurationPlatforms) = preSolution
		Debug|Any CPU = Debug|Any CPU
		Release|Any CPU = Release|Any CPU
	EndGlobalSection
	GlobalSection(ProjectConfigurationPlatforms) = postSolution
		{D2BFE271-0640-43BF-BD2A-2498BF612FCA}.Debug|Any CPU.ActiveCfg = Debug|Any CPU
		{D2BFE271-0640-43BF-BD2A-2498BF612FCA}.Debug|Any CPU.Build.0 = Debug|Any CPU
		{D2BFE271-0640-43BF-BD2A-2498BF612FCA}.Release|Any CPU.ActiveCfg = Release|Any CPU
		{D2BFE271-0640-43BF-BD2A-2498BF612FCA}.Release|Any CPU.Build.0 = Release|Any CPU
	EndGlobalSection
	GlobalSection(SolutionProperties) = preSolution
		HideSolutionNode = FALSE
	EndGlobalSection
	GlobalSection(ExtensibilityGlobals) = postSolution
		SolutionGuid = {18C44CB0-79B4-4C23-AEF2-84AF79AC10C8}
	EndGlobalSection
EndGlobal
